
Microsoft Visual Studio Solution File, Format Version 12.00
# Visual Studio Version 17
VisualStudioVersion = 17.4.33122.133
MinimumVisualStudioVersion = 10.0.40219.1
Project("{FAE04EC0-301F-11D3-BF4B-00C04F79EFBC}") = "ChessCalculator", "ChessCalculator\ChessCalculator.csproj", "{24EA8EA6-9F3E-4794-B86B-A2C14824066B}"
EndProject
Global
	GlobalSection(SolutionConfigurationPlatforms) = preSolution
		Debug|Any CPU = Debug|Any CPU
		Release|Any CPU = Release|Any CPU
	EndGlobalSection
	GlobalSection(ProjectConfigurationPlatforms) = postSolution
		{24EA8EA6-9F3E-4794-B86B-A2C14824066B}.Debug|Any CPU.ActiveCfg = Debug|Any CPU
		{24EA8EA6-9F3E-4794-B86B-A2C14824066B}.Debug|Any CPU.Build.0 = Debug|Any CPU
		{24EA8EA6-9F3E-4794-B86B-A2C14824066B}.Release|Any CPU.ActiveCfg = Release|Any CPU
		{24EA8EA6-9F3E-4794-B86B-A2C14824066B}.Release|Any CPU.Build.0 = Release|Any CPU
	EndGlobalSection
	GlobalSection(SolutionProperties) = preSolution
		HideSolutionNode = FALSE
	EndGlobalSection
	GlobalSection(ExtensibilityGlobals) = postSolution
		SolutionGuid = {CAFC6224-FFC4-454F-9995-513802C3501E}
	EndGlobalSection
EndGlobal
